
Microsoft Visual Studio Solution File, Format Version 12.00
# Visual Studio Version 17
VisualStudioVersion = 17.11.35327.3
MinimumVisualStudioVersion = 10.0.40219.1
Project("{FAE04EC0-301F-11D3-BF4B-00C04F79EFBC}") = "Bootcamp3_AspMVC", "Bootcamp3_AspMVC\Bootcamp3_AspMVC.csproj", "{D77ED02D-C728-42B2-B2E0-11B3A98E86FD}"
EndProject
Global
	GlobalSection(SolutionConfigurationPlatforms) = preSolution
		Debug|Any CPU = Debug|Any CPU
		Release|Any CPU = Release|Any CPU
	EndGlobalSection
	GlobalSection(ProjectConfigurationPlatforms) = postSolution
		{D77ED02D-C728-42B2-B2E0-11B3A98E86FD}.Debug|Any CPU.ActiveCfg = Debug|Any CPU
		{D77ED02D-C728-42B2-B2E0-11B3A98E86FD}.Debug|Any CPU.Build.0 = Debug|Any CPU
		{D77ED02D-C728-42B2-B2E0-11B3A98E86FD}.Release|Any CPU.ActiveCfg = Release|Any CPU
		{D77ED02D-C728-42B2-B2E0-11B3A98E86FD}.Release|Any CPU.Build.0 = Release|Any CPU
	EndGlobalSection
	GlobalSection(SolutionProperties) = preSolution
		HideSolutionNode = FALSE
	EndGlobalSection
	GlobalSection(ExtensibilityGlobals) = postSolution
		SolutionGuid = {864162DB-E5B0-49E9-A0E3-7A231EE4C51B}
	EndGlobalSection
EndGlobal
